speakeasyVersion: 1.768.2
sources:
    SyllableSDK:
        sourceNamespace: syllable-sdk-oas
        sourceRevisionDigest: sha256:f87008900231b81de1fac6ba932d527867bec97aa8ab38b639f5ec076d09d433
        sourceBlobDigest: sha256:44be742538cc034621f023fc5ab0259eaee8f5ed2dcbd308b2e594bc2ce5b898
        tags:
            - latest
            - 0.0.3
targets:
    syllable-sdk:
        source: SyllableSDK
        sourceNamespace: syllable-sdk-oas
        sourceRevisionDigest: sha256:f87008900231b81de1fac6ba932d527867bec97aa8ab38b639f5ec076d09d433
        sourceBlobDigest: sha256:44be742538cc034621f023fc5ab0259eaee8f5ed2dcbd308b2e594bc2ce5b898
        codeSamplesNamespace: code-samples-python-sdk-syllable-sdk-oas-code-samples
        codeSamplesRevisionDigest: sha256:39104f40e363ce88081dfca784d7d64a460b5d452a97b38f3fc4cfe8fbfbcf52
workflow:
    workflowVersion: 1.0.0
    speakeasyVersion: latest
    sources:
        SyllableSDK:
            inputs:
                - location: openapi.json
            overlays:
                - location: overlay-remove-V1.yaml
            output: openapi.yaml
            registry:
                location: registry.speakeasyapi.dev/syllable/syllable/syllable-sdk-oas
    targets:
        syllable-sdk:
            target: python
            source: SyllableSDK
            publish:
                pypi:
                    token: $pypi_token
            codeSamples:
                output: codeSamples.yaml
                registry:
                    location: registry.speakeasyapi.dev/syllable/syllable/code-samples-python-sdk-syllable-sdk-oas-code-samples
                labelOverride:
                    fixedValue: Python (SDK)
                blocking: false
