speakeasyVersion: 1.791.1
sources:
    SyllableSDK:
        sourceNamespace: syllable-sdk-oas
        sourceRevisionDigest: sha256:9b4a186ec9571ea33cd02227b705f6a2d53898ca8b4b84b514fdab695768ee94
        sourceBlobDigest: sha256:579362dece65c0be02b1c7a662703dacd6ca3a25c9edcdf168d1e1d995f26b76
        tags:
            - latest
            - 0.0.3
targets:
    syllable-sdk:
        source: SyllableSDK
        sourceNamespace: syllable-sdk-oas
        sourceRevisionDigest: sha256:9b4a186ec9571ea33cd02227b705f6a2d53898ca8b4b84b514fdab695768ee94
        sourceBlobDigest: sha256:579362dece65c0be02b1c7a662703dacd6ca3a25c9edcdf168d1e1d995f26b76
        codeSamplesNamespace: code-samples-python-sdk-syllable-sdk-oas-code-samples
        codeSamplesRevisionDigest: sha256:3fde0a04c16bf28666a466c1de8cb2cf44bfe314c5ce658e79fd19d648aa7bd5
workflow:
    workflowVersion: 1.0.0
    speakeasyVersion: latest
    sources:
        SyllableSDK:
            inputs:
                - location: openapi.json
            overlays:
                - location: overlay-remove-V1.yaml
            output: openapi.yaml
            registry:
                location: registry.speakeasyapi.dev/syllable/syllable/syllable-sdk-oas
    targets:
        syllable-sdk:
            target: python
            source: SyllableSDK
            publish:
                pypi:
                    token: $pypi_token
            codeSamples:
                output: codeSamples.yaml
                registry:
                    location: registry.speakeasyapi.dev/syllable/syllable/code-samples-python-sdk-syllable-sdk-oas-code-samples
                labelOverride:
                    fixedValue: Python (SDK)
                blocking: false
