speakeasyVersion: 1.795.0
sources:
    SyllableSDK:
        sourceNamespace: syllable-sdk-oas
        sourceRevisionDigest: sha256:15a517ad0007ab85395c806d9bd260406a38a82bff949e02e0d5dd2feffd47a2
        sourceBlobDigest: sha256:3d837fbd8be844188e7e851e68bda5e1f154dd2bc79dea815601e14f7a0a774a
        tags:
            - latest
            - 0.0.3
targets:
    syllable-sdk:
        source: SyllableSDK
        sourceNamespace: syllable-sdk-oas
        sourceRevisionDigest: sha256:15a517ad0007ab85395c806d9bd260406a38a82bff949e02e0d5dd2feffd47a2
        sourceBlobDigest: sha256:3d837fbd8be844188e7e851e68bda5e1f154dd2bc79dea815601e14f7a0a774a
        codeSamplesNamespace: code-samples-python-sdk-syllable-sdk-oas-code-samples
        codeSamplesRevisionDigest: sha256:cd829f5346b2e47a9c20c49f6feac5018267093b6c42b86d485607a699ba482b
workflow:
    workflowVersion: 1.0.0
    speakeasyVersion: latest
    sources:
        SyllableSDK:
            inputs:
                - location: openapi.json
            overlays:
                - location: overlay-remove-V1.yaml
            output: openapi.yaml
            registry:
                location: registry.speakeasyapi.dev/syllable/syllable/syllable-sdk-oas
    targets:
        syllable-sdk:
            target: python
            source: SyllableSDK
            publish:
                pypi:
                    token: $pypi_token
            codeSamples:
                output: codeSamples.yaml
                registry:
                    location: registry.speakeasyapi.dev/syllable/syllable/code-samples-python-sdk-syllable-sdk-oas-code-samples
                labelOverride:
                    fixedValue: Python (SDK)
                blocking: false
